
Microsoft Visual Studio Solution File, Format Version 12.00
# Visual Studio Version 17
VisualStudioVersion = 17.1.32210.238
MinimumVisualStudioVersion = 10.0.40219.1
Project("{8BC9CEB8-8B4A-11D0-8D11-00A0C91BC942}") = "ConsoleApp", "ConsoleApp\ConsoleApp.vcxproj", "{67794E4C-A1FF-4AA8-B324-B7372F8B514E}"
EndProject
Global
	GlobalSection(SolutionConfigurationPlatforms) = preSolution
		Debug|x64 = Debug|x64
		Debug|x86 = Debug|x86
		Release|x64 = Release|x64
		Release|x86 = Release|x86
	EndGlobalSection
	GlobalSection(ProjectConfigurationPlatforms) = postSolution
		{67794E4C-A1FF-4AA8-B324-B7372F8B514E}.Debug|x64.ActiveCfg = Debug|x64
		{67794E4C-A1FF-4AA8-B324-B7372F8B514E}.Debug|x64.Build.0 = Debug|x64
		{67794E4C-A1FF-4AA8-B324-B7372F8B514E}.Debug|x86.ActiveCfg = Debug|Win32
		{67794E4C-A1FF-4AA8-B324-B7372F8B514E}.Debug|x86.Build.0 = Debug|Win32
		{67794E4C-A1FF-4AA8-B324-B7372F8B514E}.Release|x64.ActiveCfg = Release|x64
		{67794E4C-A1FF-4AA8-B324-B7372F8B514E}.Release|x64.Build.0 = Release|x64
		{67794E4C-A1FF-4AA8-B324-B7372F8B514E}.Release|x86.ActiveCfg = Release|Win32
		{67794E4C-A1FF-4AA8-B324-B7372F8B514E}.Release|x86.Build.0 = Release|Win32
	EndGlobalSection
	GlobalSection(SolutionProperties) = preSolution
		HideSolutionNode = FALSE
	EndGlobalSection
	GlobalSection(ExtensibilityGlobals) = postSolution
		SolutionGuid = {2AF4BB75-81FC-47A6-8681-5704B5555F7E}
	EndGlobalSection
EndGlobal
